// !$*UTF8*$!
{
	archiveVersion = 1;
	classes = {
	};
	objectVersion = 46;
	objects = {

/* Begin PBXBuildFile section */
		75F61434177F92900065DA29 /* UIKit.framework in Frameworks */ = {isa = PBXBuildFile; fileRef = 75F61433177F92900065DA29 /* UIKit.framework */; };
		75F61436177F92900065DA29 /* Foundation.framework in Frameworks */ = {isa = PBXBuildFile; fileRef = 75F61435177F92900065DA29 /* Foundation.framework */; };
		75F61438177F92900065DA29 /* CoreGraphics.framework in Frameworks */ = {isa = PBXBuildFile; fileRef = 75F61437177F92900065DA29 /* CoreGraphics.framework */; };
		75F6143E177F92900065DA29 /* InfoPlist.strings in Resources */ = {isa = PBXBuildFile; fileRef = 75F6143C177F92900065DA29 /* InfoPlist.strings */; };
		75F61440177F92900065DA29 /* main.m in Sources */ = {isa = PBXBuildFile; fileRef = 75F6143F177F92900065DA29 /* main.m */; };
		75F61444177F92900065DA29 /* AppDelegate.m in Sources */ = {isa = PBXBuildFile; fileRef = 75F61443177F92900065DA29 /* AppDelegate.m */; };
		75F61446177F92900065DA29 /* Default.png in Resources */ = {isa = PBXBuildFile; fileRef = 75F61445177F92900065DA29 /* Default.png */; };
		75F61448177F92900065DA29 /* Default@2x.png in Resources */ = {isa = PBXBuildFile; fileRef = 75F61447177F92900065DA29 /* Default@2x.png */; };
		75F6144A177F92900065DA29 /* Default-568h@2x.png in Resources */ = {isa = PBXBuildFile; fileRef = 75F61449177F92900065DA29 /* Default-568h@2x.png */; };
		75F6144D177F92900065DA29 /* ViewController.m in Sources */ = {isa = PBXBuildFile; fileRef = 75F6144C177F92900065DA29 /* ViewController.m */; };
		75F61450177F92900065DA29 /* ViewController_iPhone.xib in Resources */ = {isa = PBXBuildFile; fileRef = 75F6144E177F92900065DA29 /* ViewController_iPhone.xib */; };
		75F61453177F92900065DA29 /* ViewController_iPad.xib in Resources */ = {isa = PBXBuildFile; fileRef = 75F61451177F92900065DA29 /* ViewController_iPad.xib */; };
		75F6145B177F92900065DA29 /* SenTestingKit.framework in Frameworks */ = {isa = PBXBuildFile; fileRef = 75F6145A177F92900065DA29 /* SenTestingKit.framework */; };
		75F6145C177F92900065DA29 /* UIKit.framework in Frameworks */ = {isa = PBXBuildFile; fileRef = 75F61433177F92900065DA29 /* UIKit.framework */; };
		75F6145D177F92900065DA29 /* Foundation.framework in Frameworks */ = {isa = PBXBuildFile; fileRef = 75F61435177F92900065DA29 /* Foundation.framework */; };
		75F61465177F92900065DA29 /* InfoPlist.strings in Resources */ = {isa = PBXBuildFile; fileRef = 75F61463177F92900065DA29 /* InfoPlist.strings */; };
		75F61468177F92900065DA29 /* Pocket_Nurse_2Tests.m in Sources */ = {isa = PBXBuildFile; fileRef = 75F61467177F92900065DA29 /* Pocket_Nurse_2Tests.m */; };
		75F61477177F98F30065DA29 /* Background Man.png in Resources */ = {isa = PBXBuildFile; fileRef = 75F61473177F98F30065DA29 /* Background Man.png */; };
		75F61479177F98F30065DA29 /* iPad Title.png in Resources */ = {isa = PBXBuildFile; fileRef = 75F61475177F98F30065DA29 /* iPad Title.png */; };
		75F6147A177F98F30065DA29 /* Title.png in Resources */ = {isa = PBXBuildFile; fileRef = 75F61476177F98F30065DA29 /* Title.png */; };
		75F6147E177F9FAE0065DA29 /* lg_yes.png in Resources */ = {isa = PBXBuildFile; fileRef = 75F6147D177F9FAE0065DA29 /* lg_yes.png */; };
		75F6148217808B310065DA29 /* icon.png in Resources */ = {isa = PBXBuildFile; fileRef = 75F6148117808B310065DA29 /* icon.png */; };
		75F61484178098B70065DA29 /* Robin Egg Background.png in Resources */ = {isa = PBXBuildFile; fileRef = 75F61483178098B70065DA29 /* Robin Egg Background.png */; };
		75F614881780A2E10065DA29 /* SwitchViewController.m in Sources */ = {isa = PBXBuildFile; fileRef = 75F614861780A2E10065DA29 /* SwitchViewController.m */; };
		75F614891780A2E10065DA29 /* SwitchViewController.xib in Resources */ = {isa = PBXBuildFile; fileRef = 75F614871780A2E10065DA29 /* SwitchViewController.xib */; };
		75F6148D1780A2FC0065DA29 /* HeadViewController.m in Sources */ = {isa = PBXBuildFile; fileRef = 75F6148B1780A2FC0065DA29 /* HeadViewController.m */; };
		75F6148E1780A2FC0065DA29 /* HeadViewController.xib in Resources */ = {isa = PBXBuildFile; fileRef = 75F6148C1780A2FC0065DA29 /* HeadViewController.xib */; };
/* End PBXBuildFile section */

/* Begin PBXContainerItemProxy section */
		75F6145E177F92900065DA29 /* PBXContainerItemProxy */ = {
			isa = PBXContainerItemProxy;
			containerPortal = 75F61428177F92900065DA29 /* Project object */;
			proxyType = 1;
			remoteGlobalIDString = 75F6142F177F92900065DA29;
			remoteInfo = "Pocket Nurse 2";
		};
/* End PBXContainerItemProxy section */

/* Begin PBXFileReference section */
		75F61430177F92900065DA29 /* Pocket Nurse 2.app */ = {isa = PBXFileReference; explicitFileType = wrapper.application; includeInIndex = 0; path = "Pocket Nurse 2.app"; sourceTree = BUILT_PRODUCTS_DIR; };
		75F61433177F92900065DA29 /* UIKit.framework */ = {isa = PBXFileReference; lastKnownFileType = wrapper.framework; name = UIKit.framework; path = System/Library/Frameworks/UIKit.framework; sourceTree = SDKROOT; };
		75F61435177F92900065DA29 /* Foundation.framework */ = {isa = PBXFileReference; lastKnownFileType = wrapper.framework; name = Foundation.framework; path = System/Library/Frameworks/Foundation.framework; sourceTree = SDKROOT; };
		75F61437177F92900065DA29 /* CoreGraphics.framework */ = {isa = PBXFileReference; lastKnownFileType = wrapper.framework; name = CoreGraphics.framework; path = System/Library/Frameworks/CoreGraphics.framework; sourceTree = SDKROOT; };
		75F6143B177F92900065DA29 /* Pocket Nurse 2-Info.plist */ = {isa = PBXFileReference; lastKnownFileType = text.plist.xml; path = "Pocket Nurse 2-Info.plist"; sourceTree = "<group>"; };
		75F6143D177F92900065DA29 /* en */ = {isa = PBXFileReference; lastKnownFileType = text.plist.strings; name = en; path = en.lproj/InfoPlist.strings; sourceTree = "<group>"; };
		75F6143F177F92900065DA29 /* main.m */ = {isa = PBXFileReference; lastKnownFileType = sourcecode.c.objc; path = main.m; sourceTree = "<group>"; };
		75F61441177F92900065DA29 /* Pocket Nurse 2-Prefix.pch */ = {isa = PBXFileReference; lastKnownFileType = sourcecode.c.h; path = "Pocket Nurse 2-Prefix.pch"; sourceTree = "<group>"; };
		75F61442177F92900065DA29 /* AppDelegate.h */ = {isa = PBXFileReference; lastKnownFileType = sourcecode.c.h; path = AppDelegate.h; sourceTree = "<group>"; };
		75F61443177F92900065DA29 /* AppDelegate.m */ = {isa = PBXFileReference; lastKnownFileType = sourcecode.c.objc; path = AppDelegate.m; sourceTree = "<group>"; };
		75F61445177F92900065DA29 /* Default.png */ = {isa = PBXFileReference; lastKnownFileType = image.png; path = Default.png; sourceTree = "<group>"; };
		75F61447177F92900065DA29 /* Default@2x.png */ = {isa = PBXFileReference; lastKnownFileType = image.png; path = "Default@2x.png"; sourceTree = "<group>"; };
		75F61449177F92900065DA29 /* Default-568h@2x.png */ = {isa = PBXFileReference; lastKnownFileType = image.png; path = "Default-568h@2x.png"; sourceTree = "<group>"; };
		75F6144B177F92900065DA29 /* ViewController.h */ = {isa = PBXFileReference; lastKnownFileType = sourcecode.c.h; path = ViewController.h; sourceTree = "<group>"; };
		75F6144C177F92900065DA29 /* ViewController.m */ = {isa = PBXFileReference; lastKnownFileType = sourcecode.c.objc; path = ViewController.m; sourceTree = "<group>"; };
		75F6144F177F92900065DA29 /* en */ = {isa = PBXFileReference; lastKnownFileType = file.xib; name = en; path = en.lproj/ViewController_iPhone.xib; sourceTree = "<group>"; };
		75F61452177F92900065DA29 /* en */ = {isa = PBXFileReference; lastKnownFileType = file.xib; name = en; path = en.lproj/ViewController_iPad.xib; sourceTree = "<group>"; };
		75F61459177F92900065DA29 /* Pocket Nurse 2Tests.octest */ = {isa = PBXFileReference; explicitFileType = wrapper.cfbundle; includeInIndex = 0; path = "Pocket Nurse 2Tests.octest"; sourceTree = BUILT_PRODUCTS_DIR; };
		75F6145A177F92900065DA29 /* SenTestingKit.framework */ = {isa = PBXFileReference; lastKnownFileType = wrapper.framework; name = SenTestingKit.framework; path = Library/Frameworks/SenTestingKit.framework; sourceTree = DEVELOPER_DIR; };
		75F61462177F92900065DA29 /* Pocket Nurse 2Tests-Info.plist */ = {isa = PBXFileReference; lastKnownFileType = text.plist.xml; path = "Pocket Nurse 2Tests-Info.plist"; sourceTree = "<group>"; };
		75F61464177F92900065DA29 /* en */ = {isa = PBXFileReference; lastKnownFileType = text.plist.strings; name = en; path = en.lproj/InfoPlist.strings; sourceTree = "<group>"; };
		75F61466177F92900065DA29 /* Pocket_Nurse_2Tests.h */ = {isa = PBXFileReference; lastKnownFileType = sourcecode.c.h; path = Pocket_Nurse_2Tests.h; sourceTree = "<group>"; };
		75F61467177F92900065DA29 /* Pocket_Nurse_2Tests.m */ = {isa = PBXFileReference; lastKnownFileType = sourcecode.c.objc; path = Pocket_Nurse_2Tests.m; sourceTree = "<group>"; };
		75F61473177F98F30065DA29 /* Background Man.png */ = {isa = PBXFileReference; lastKnownFileType = file; name = "Background Man.png"; path = "../../../../Pictures/Images/Background Man.png"; sourceTree = "<group>"; };
		75F61475177F98F30065DA29 /* iPad Title.png */ = {isa = PBXFileReference; lastKnownFileType = file; name = "iPad Title.png"; path = "../../../../Pictures/Images/iPad Title.png"; sourceTree = "<group>"; };
		75F61476177F98F30065DA29 /* Title.png */ = {isa = PBXFileReference; lastKnownFileType = file; name = Title.png; path = ../../../../Pictures/Images/Title.png; sourceTree = "<group>"; };
		75F6147D177F9FAE0065DA29 /* lg_yes.png */ = {isa = PBXFileReference; lastKnownFileType = file; name = lg_yes.png; path = ../../../../Pictures/Images/lg_yes.png; sourceTree = "<group>"; };
		75F6148117808B310065DA29 /* icon.png */ = {isa = PBXFileReference; lastKnownFileType = image.png; name = icon.png; path = ../../../../Pictures/Images/icon.png; sourceTree = "<group>"; };
		75F61483178098B70065DA29 /* Robin Egg Background.png */ = {isa = PBXFileReference; lastKnownFileType = image.png; name = "Robin Egg Background.png"; path = "../../../../Pictures/Images/Robin Egg Background.png"; sourceTree = "<group>"; };
		75F614851780A2E10065DA29 /* SwitchViewController.h */ = {isa = PBXFileReference; fileEncoding = 4; lastKnownFileType = sourcecode.c.h; path = SwitchViewController.h; sourceTree = "<group>"; };
		75F614861780A2E10065DA29 /* SwitchViewController.m */ = {isa = PBXFileReference; fileEncoding = 4; lastKnownFileType = sourcecode.c.objc; path = SwitchViewController.m; sourceTree = "<group>"; };
		75F614871780A2E10065DA29 /* SwitchViewController.xib */ = {isa = PBXFileReference; fileEncoding = 4; lastKnownFileType = file.xib; path = SwitchViewController.xib; sourceTree = "<group>"; };
		75F6148A1780A2FC0065DA29 /* HeadViewController.h */ = {isa = PBXFileReference; fileEncoding = 4; lastKnownFileType = sourcecode.c.h; path = HeadViewController.h; sourceTree = "<group>"; };
		75F6148B1780A2FC0065DA29 /* HeadViewController.m */ = {isa = PBXFileReference; fileEncoding = 4; lastKnownFileType = sourcecode.c.objc; path = HeadViewController.m; sourceTree = "<group>"; };
		75F6148C1780A2FC0065DA29 /* HeadViewController.xib */ = {isa = PBXFileReference; fileEncoding = 4; lastKnownFileType = file.xib; path = HeadViewController.xib; sourceTree = "<group>"; };
/* End PBXFileReference section */

/* Begin PBXFrameworksBuildPhase section */
		75F6142D177F92900065DA29 /* Frameworks */ = {
			isa = PBXFrameworksBuildPhase;
			buildActionMask = 2147483647;
			files = (
				75F61434177F92900065DA29 /* UIKit.framework in Frameworks */,
				75F61436177F92900065DA29 /* Foundation.framework in Frameworks */,
				75F61438177F92900065DA29 /* CoreGraphics.framework in Frameworks */,
			);
			runOnlyForDeploymentPostprocessing = 0;
		};
		75F61455177F92900065DA29 /* Frameworks */ = {
			isa = PBXFrameworksBuildPhase;
			buildActionMask = 2147483647;
			files = (
				75F6145B177F92900065DA29 /* SenTestingKit.framework in Frameworks */,
				75F6145C177F92900065DA29 /* UIKit.framework in Frameworks */,
				75F6145D177F92900065DA29 /* Foundation.framework in Frameworks */,
			);
			runOnlyForDeploymentPostprocessing = 0;
		};
/* End PBXFrameworksBuildPhase section */

/* Begin PBXGroup section */
		75F61427177F92900065DA29 = {
			isa = PBXGroup;
			children = (
				75F61439177F92900065DA29 /* Pocket Nurse 2 */,
				75F61460177F92900065DA29 /* Pocket Nurse 2Tests */,
				75F61432177F92900065DA29 /* Frameworks */,
				75F61431177F92900065DA29 /* Products */,
			);
			sourceTree = "<group>";
		};
		75F61431177F92900065DA29 /* Products */ = {
			isa = PBXGroup;
			children = (
				75F61430177F92900065DA29 /* Pocket Nurse 2.app */,
				75F61459177F92900065DA29 /* Pocket Nurse 2Tests.octest */,
			);
			name = Products;
			sourceTree = "<group>";
		};
		75F61432177F92900065DA29 /* Frameworks */ = {
			isa = PBXGroup;
			children = (
				75F61433177F92900065DA29 /* UIKit.framework */,
				75F61435177F92900065DA29 /* Foundation.framework */,
				75F61437177F92900065DA29 /* CoreGraphics.framework */,
				75F6145A177F92900065DA29 /* SenTestingKit.framework */,
			);
			name = Frameworks;
			sourceTree = "<group>";
		};
		75F61439177F92900065DA29 /* Pocket Nurse 2 */ = {
			isa = PBXGroup;
			children = (
				75F61442177F92900065DA29 /* AppDelegate.h */,
				75F61443177F92900065DA29 /* AppDelegate.m */,
				75F6144B177F92900065DA29 /* ViewController.h */,
				75F6144C177F92900065DA29 /* ViewController.m */,
				75F6144E177F92900065DA29 /* ViewController_iPhone.xib */,
				75F61451177F92900065DA29 /* ViewController_iPad.xib */,
				75F614851780A2E10065DA29 /* SwitchViewController.h */,
				75F614861780A2E10065DA29 /* SwitchViewController.m */,
				75F614871780A2E10065DA29 /* SwitchViewController.xib */,
				75F6148A1780A2FC0065DA29 /* HeadViewController.h */,
				75F6148B1780A2FC0065DA29 /* HeadViewController.m */,
				75F6148C1780A2FC0065DA29 /* HeadViewController.xib */,
				75F6143A177F92900065DA29 /* Supporting Files */,
			);
			path = "Pocket Nurse 2";
			sourceTree = "<group>";
		};
		75F6143A177F92900065DA29 /* Supporting Files */ = {
			isa = PBXGroup;
			children = (
				75F61483178098B70065DA29 /* Robin Egg Background.png */,
				75F61473177F98F30065DA29 /* Background Man.png */,
				75F6148117808B310065DA29 /* icon.png */,
				75F6147D177F9FAE0065DA29 /* lg_yes.png */,
				75F61475177F98F30065DA29 /* iPad Title.png */,
				75F61476177F98F30065DA29 /* Title.png */,
				75F6143B177F92900065DA29 /* Pocket Nurse 2-Info.plist */,
				75F6143C177F92900065DA29 /* InfoPlist.strings */,
				75F6143F177F92900065DA29 /* main.m */,
				75F61441177F92900065DA29 /* Pocket Nurse 2-Prefix.pch */,
				75F61445177F92900065DA29 /* Default.png */,
				75F61447177F92900065DA29 /* Default@2x.png */,
				75F61449177F92900065DA29 /* Default-568h@2x.png */,
			);
			name = "Supporting Files";
			sourceTree = "<group>";
		};
		75F61460177F92900065DA29 /* Pocket Nurse 2Tests */ = {
			isa = PBXGroup;
			children = (
				75F61466177F92900065DA29 /* Pocket_Nurse_2Tests.h */,
				75F61467177F92900065DA29 /* Pocket_Nurse_2Tests.m */,
				75F61461177F92900065DA29 /* Supporting Files */,
			);
			path = "Pocket Nurse 2Tests";
			sourceTree = "<group>";
		};
		75F61461177F92900065DA29 /* Supporting Files */ = {
			isa = PBXGroup;
			children = (
				75F61462177F92900065DA29 /* Pocket Nurse 2Tests-Info.plist */,
				75F61463177F92900065DA29 /* InfoPlist.strings */,
			);
			name = "Supporting Files";
			sourceTree = "<group>";
		};
/* End PBXGroup section */

/* Begin PBXNativeTarget section */
		75F6142F177F92900065DA29 /* Pocket Nurse 2 */ = {
			isa = PBXNativeTarget;
			buildConfigurationList = 75F6146B177F92900065DA29 /* Build configuration list for PBXNativeTarget "Pocket Nurse 2" */;
			buildPhases = (
				75F6142C177F92900065DA29 /* Sources */,
				75F6142D177F92900065DA29 /* Frameworks */,
				75F6142E177F92900065DA29 /* Resources */,
			);
			buildRules = (
			);
			dependencies = (
			);
			name = "Pocket Nurse 2";
			productName = "Pocket Nurse 2";
			productReference = 75F61430177F92900065DA29 /* Pocket Nurse 2.app */;
			productType = "com.apple.product-type.application";
		};
		75F61458177F92900065DA29 /* Pocket Nurse 2Tests */ = {
			isa = PBXNativeTarget;
			buildConfigurationList = 75F6146E177F92900065DA29 /* Build configuration list for PBXNativeTarget "Pocket Nurse 2Tests" */;
			buildPhases = (
				75F61454177F92900065DA29 /* Sources */,
				75F61455177F92900065DA29 /* Frameworks */,
				75F61456177F92900065DA29 /* Resources */,
				75F61457177F92900065DA29 /* ShellScript */,
			);
			buildRules = (
			);
			dependencies = (
				75F6145F177F92900065DA29 /* PBXTargetDependency */,
			);
			name = "Pocket Nurse 2Tests";
			productName = "Pocket Nurse 2Tests";
			productReference = 75F61459177F92900065DA29 /* Pocket Nurse 2Tests.octest */;
			productType = "com.apple.product-type.bundle";
		};
/* End PBXNativeTarget section */

/* Begin PBXProject section */
		75F61428177F92900065DA29 /* Project object */ = {
			isa = PBXProject;
			attributes = {
				LastUpgradeCheck = 0460;
				ORGANIZATIONNAME = "Amanda Fischer";
			};
			buildConfigurationList = 75F6142B177F92900065DA29 /* Build configuration list for PBXProject "Pocket Nurse 2" */;
			compatibilityVersion = "Xcode 3.2";
			developmentRegion = English;
			hasScannedForEncodings = 0;
			knownRegions = (
				en,
			);
			mainGroup = 75F61427177F92900065DA29;
			productRefGroup = 75F61431177F92900065DA29 /* Products */;
			projectDirPath = "";
			projectRoot = "";
			targets = (
				75F6142F177F92900065DA29 /* Pocket Nurse 2 */,
				75F61458177F92900065DA29 /* Pocket Nurse 2Tests */,
			);
		};
/* End PBXProject section */

/* Begin PBXResourcesBuildPhase section */
		75F6142E177F92900065DA29 /* Resources */ = {
			isa = PBXResourcesBuildPhase;
			buildActionMask = 2147483647;
			files = (
				75F6143E177F92900065DA29 /* InfoPlist.strings in Resources */,
				75F61446177F92900065DA29 /* Default.png in Resources */,
				75F61448177F92900065DA29 /* Default@2x.png in Resources */,
				75F6144A177F92900065DA29 /* Default-568h@2x.png in Resources */,
				75F61450177F92900065DA29 /* ViewController_iPhone.xib in Resources */,
				75F61453177F92900065DA29 /* ViewController_iPad.xib in Resources */,
				75F61477177F98F30065DA29 /* Background Man.png in Resources */,
				75F61479177F98F30065DA29 /* iPad Title.png in Resources */,
				75F6147A177F98F30065DA29 /* Title.png in Resources */,
				75F6147E177F9FAE0065DA29 /* lg_yes.png in Resources */,
				75F6148217808B310065DA29 /* icon.png in Resources */,
				75F61484178098B70065DA29 /* Robin Egg Background.png in Resources */,
				75F614891780A2E10065DA29 /* SwitchViewController.xib in Resources */,
				75F6148E1780A2FC0065DA29 /* HeadViewController.xib in Resources */,
			);
			runOnlyForDeploymentPostprocessing = 0;
		};
		75F61456177F92900065DA29 /* Resources */ = {
			isa = PBXResourcesBuildPhase;
			buildActionMask = 2147483647;
			files = (
				75F61465177F92900065DA29 /* InfoPlist.strings in Resources */,
			);
			runOnlyForDeploymentPostprocessing = 0;
		};
/* End PBXResourcesBuildPhase section */

/* Begin PBXShellScriptBuildPhase section */
		75F61457177F92900065DA29 /* ShellScript */ = {
			isa = PBXShellScriptBuildPhase;
			buildActionMask = 2147483647;
			files = (
			);
			inputPaths = (
			);
			outputPaths = (
			);
			runOnlyForDeploymentPostprocessing = 0;
			shellPath = /bin/sh;
			shellScript = "# Run the unit tests in this test bundle.\n\"${SYSTEM_DEVELOPER_DIR}/Tools/RunUnitTests\"\n";
		};
/* End PBXShellScriptBuildPhase section */

/* Begin PBXSourcesBuildPhase section */
		75F6142C177F92900065DA29 /* Sources */ = {
			isa = PBXSourcesBuildPhase;
			buildActionMask = 2147483647;
			files = (
				75F61440177F92900065DA29 /* main.m in Sources */,
				75F61444177F92900065DA29 /* AppDelegate.m in Sources */,
				75F6144D177F92900065DA29 /* ViewController.m in Sources */,
				75F614881780A2E10065DA29 /* SwitchViewController.m in Sources */,
				75F6148D1780A2FC0065DA29 /* HeadViewController.m in Sources */,
			);
			runOnlyForDeploymentPostprocessing = 0;
		};
		75F61454177F92900065DA29 /* Sources */ = {
			isa = PBXSourcesBuildPhase;
			buildActionMask = 2147483647;
			files = (
				75F61468177F92900065DA29 /* Pocket_Nurse_2Tests.m in Sources */,
			);
			runOnlyForDeploymentPostprocessing = 0;
		};
/* End PBXSourcesBuildPhase section */

/* Begin PBXTargetDependency section */
		75F6145F177F92900065DA29 /* PBXTargetDependency */ = {
			isa = PBXTargetDependency;
			target = 75F6142F177F92900065DA29 /* Pocket Nurse 2 */;
			targetProxy = 75F6145E177F92900065DA29 /* PBXContainerItemProxy */;
		};
/* End PBXTargetDependency section */

/* Begin PBXVariantGroup section */
		75F6143C177F92900065DA29 /* InfoPlist.strings */ = {
			isa = PBXVariantGroup;
			children = (
				75F6143D177F92900065DA29 /* en */,
			);
			name = InfoPlist.strings;
			sourceTree = "<group>";
		};
		75F6144E177F92900065DA29 /* ViewController_iPhone.xib */ = {
			isa = PBXVariantGroup;
			children = (
				75F6144F177F92900065DA29 /* en */,
			);
			name = ViewController_iPhone.xib;
			sourceTree = "<group>";
		};
		75F61451177F92900065DA29 /* ViewController_iPad.xib */ = {
			isa = PBXVariantGroup;
			children = (
				75F61452177F92900065DA29 /* en */,
			);
			name = ViewController_iPad.xib;
			sourceTree = "<group>";
		};
		75F61463177F92900065DA29 /* InfoPlist.strings */ = {
			isa = PBXVariantGroup;
			children = (
				75F61464177F92900065DA29 /* en */,
			);
			name = InfoPlist.strings;
			sourceTree = "<group>";
		};
/* End PBXVariantGroup section */

/* Begin XCBuildConfiguration section */
		75F61469177F92900065DA29 /* Debug */ = {
			isa = XCBuildConfiguration;
			buildSettings = {
				ALWAYS_SEARCH_USER_PATHS = NO;
				CLANG_CXX_LANGUAGE_STANDARD = "gnu++0x";
				CLANG_CXX_LIBRARY = "libc++";
				CLANG_ENABLE_OBJC_ARC = YES;
				CLANG_WARN_CONSTANT_CONVERSION = YES;
				CLANG_WARN_EMPTY_BODY = YES;
				CLANG_WARN_ENUM_CONVERSION = YES;
				CLANG_WARN_INT_CONVERSION = YES;
				CLANG_WARN__DUPLICATE_METHOD_MATCH = YES;
				"CODE_SIGN_IDENTITY[sdk=iphoneos*]" = "iPhone Developer";
				COPY_PHASE_STRIP = NO;
				GCC_C_LANGUAGE_STANDARD = gnu99;
				GCC_DYNAMIC_NO_PIC = NO;
				GCC_OPTIMIZATION_LEVEL = 0;
				GCC_PREPROCESSOR_DEFINITIONS = (
					"DEBUG=1",
					"$(inherited)",
				);
				GCC_SYMBOLS_PRIVATE_EXTERN = NO;
				GCC_WARN_ABOUT_RETURN_TYPE = YES;
				GCC_WARN_UNINITIALIZED_AUTOS = YES;
				GCC_WARN_UNUSED_VARIABLE = YES;
				IPHONEOS_DEPLOYMENT_TARGET = 6.1;
				ONLY_ACTIVE_ARCH = YES;
				SDKROOT = iphoneos;
				TARGETED_DEVICE_FAMILY = "1,2";
			};
			name = Debug;
		};
		75F6146A177F92900065DA29 /* Release */ = {
			isa = XCBuildConfiguration;
			buildSettings = {
				ALWAYS_SEARCH_USER_PATHS = NO;
				CLANG_CXX_LANGUAGE_STANDARD = "gnu++0x";
				CLANG_CXX_LIBRARY = "libc++";
				CLANG_ENABLE_OBJC_ARC = YES;
				CLANG_WARN_CONSTANT_CONVERSION = YES;
				CLANG_WARN_EMPTY_BODY = YES;
				CLANG_WARN_ENUM_CONVERSION = YES;
				CLANG_WARN_INT_CONVERSION = YES;
				CLANG_WARN__DUPLICATE_METHOD_MATCH = YES;
				"CODE_SIGN_IDENTITY[sdk=iphoneos*]" = "iPhone Developer";
				COPY_PHASE_STRIP = YES;
				GCC_C_LANGUAGE_STANDARD = gnu99;
				GCC_WARN_ABOUT_RETURN_TYPE = YES;
				GCC_WARN_UNINITIALIZED_AUTOS = YES;
				GCC_WARN_UNUSED_VARIABLE = YES;
				IPHONEOS_DEPLOYMENT_TARGET = 6.1;
				OTHER_CFLAGS = "-DNS_BLOCK_ASSERTIONS=1";
				SDKROOT = iphoneos;
				TARGETED_DEVICE_FAMILY = "1,2";
				VALIDATE_PRODUCT = YES;
			};
			name = Release;
		};
		75F6146C177F92900065DA29 /* Debug */ = {
			isa = XCBuildConfiguration;
			buildSettings = {
				GCC_PRECOMPILE_PREFIX_HEADER = YES;
				GCC_PREFIX_HEADER = "Pocket Nurse 2/Pocket Nurse 2-Prefix.pch";
				INFOPLIST_FILE = "Pocket Nurse 2/Pocket Nurse 2-Info.plist";
				PRODUCT_NAME = "$(TARGET_NAME)";
				WRAPPER_EXTENSION = app;
			};
			name = Debug;
		};
		75F6146D177F92900065DA29 /* Release */ = {
			isa = XCBuildConfiguration;
			buildSettings = {
				GCC_PRECOMPILE_PREFIX_HEADER = YES;
				GCC_PREFIX_HEADER = "Pocket Nurse 2/Pocket Nurse 2-Prefix.pch";
				INFOPLIST_FILE = "Pocket Nurse 2/Pocket Nurse 2-Info.plist";
				PRODUCT_NAME = "$(TARGET_NAME)";
				WRAPPER_EXTENSION = app;
			};
			name = Release;
		};
		75F6146F177F92900065DA29 /* Debug */ = {
			isa = XCBuildConfiguration;
			buildSettings = {
				BUNDLE_LOADER = "$(BUILT_PRODUCTS_DIR)/Pocket Nurse 2.app/Pocket Nurse 2";
				FRAMEWORK_SEARCH_PATHS = (
					"\"$(SDKROOT)/Developer/Library/Frameworks\"",
					"\"$(DEVELOPER_LIBRARY_DIR)/Frameworks\"",
				);
				GCC_PRECOMPILE_PREFIX_HEADER = YES;
				GCC_PREFIX_HEADER = "Pocket Nurse 2/Pocket Nurse 2-Prefix.pch";
				INFOPLIST_FILE = "Pocket Nurse 2Tests/Pocket Nurse 2Tests-Info.plist";
				PRODUCT_NAME = "$(TARGET_NAME)";
				TEST_HOST = "$(BUNDLE_LOADER)";
				WRAPPER_EXTENSION = octest;
			};
			name = Debug;
		};
		75F61470177F92900065DA29 /* Release */ = {
			isa = XCBuildConfiguration;
			buildSettings = {
				BUNDLE_LOADER = "$(BUILT_PRODUCTS_DIR)/Pocket Nurse 2.app/Pocket Nurse 2";
				FRAMEWORK_SEARCH_PATHS = (
					"\"$(SDKROOT)/Developer/Library/Frameworks\"",
					"\"$(DEVELOPER_LIBRARY_DIR)/Frameworks\"",
				);
				GCC_PRECOMPILE_PREFIX_HEADER = YES;
				GCC_PREFIX_HEADER = "Pocket Nurse 2/Pocket Nurse 2-Prefix.pch";
				INFOPLIST_FILE = "Pocket Nurse 2Tests/Pocket Nurse 2Tests-Info.plist";
				PRODUCT_NAME = "$(TARGET_NAME)";
				TEST_HOST = "$(BUNDLE_LOADER)";
				WRAPPER_EXTENSION = octest;
			};
			name = Release;
		};
/* End XCBuildConfiguration section */

/* Begin XCConfigurationList section */
		75F6142B177F92900065DA29 /* Build configuration list for PBXProject "Pocket Nurse 2" */ = {
			isa = XCConfigurationList;
			buildConfigurations = (
				75F61469177F92900065DA29 /* Debug */,
				75F6146A177F92900065DA29 /* Release */,
			);
			defaultConfigurationIsVisible = 0;
			defaultConfigurationName = Release;
		};
		75F6146B177F92900065DA29 /* Build configuration list for PBXNativeTarget "Pocket Nurse 2" */ = {
			isa = XCConfigurationList;
			buildConfigurations = (
				75F6146C177F92900065DA29 /* Debug */,
				75F6146D177F92900065DA29 /* Release */,
			);
			defaultConfigurationIsVisible = 0;
		};
		75F6146E177F92900065DA29 /* Build configuration list for PBXNativeTarget "Pocket Nurse 2Tests" */ = {
			isa = XCConfigurationList;
			buildConfigurations = (
				75F6146F177F92900065DA29 /* Debug */,
				75F61470177F92900065DA29 /* Release */,
			);
			defaultConfigurationIsVisible = 0;
		};
/* End XCConfigurationList section */
	};
	rootObject = 75F61428177F92900065DA29 /* Project object */;
}
